
Microsoft Visual Studio Solution File, Format Version 12.00
# Visual Studio Version 17
VisualStudioVersion = 17.11.35327.3
MinimumVisualStudioVersion = 10.0.40219.1
Project("{FAE04EC0-301F-11D3-BF4B-00C04F79EFBC}") = "InvoiceData", "InvoiceData\InvoiceData.csproj", "{39891A8A-62CE-4416-880E-82245D4C003D}"
EndProject
Global
	GlobalSection(SolutionConfigurationPlatforms) = preSolution
		Debug|Any CPU = Debug|Any CPU
		Release|Any CPU = Release|Any CPU
	EndGlobalSection
	GlobalSection(ProjectConfigurationPlatforms) = postSolution
		{39891A8A-62CE-4416-880E-82245D4C003D}.Debug|Any CPU.ActiveCfg = Debug|Any CPU
		{39891A8A-62CE-4416-880E-82245D4C003D}.Debug|Any CPU.Build.0 = Debug|Any CPU
		{39891A8A-62CE-4416-880E-82245D4C003D}.Release|Any CPU.ActiveCfg = Release|Any CPU
		{39891A8A-62CE-4416-880E-82245D4C003D}.Release|Any CPU.Build.0 = Release|Any CPU
	EndGlobalSection
	GlobalSection(SolutionProperties) = preSolution
		HideSolutionNode = FALSE
	EndGlobalSection
	GlobalSection(ExtensibilityGlobals) = postSolution
		SolutionGuid = {236ACDF1-96F2-4DD8-A78E-B7F0AFFC356D}
	EndGlobalSection
EndGlobal
